<?xml version="1.0" encoding="UTF-8" standalone="yes" ?>
<CodeBlocks_project_file>
	<FileVersion major="1" minor="6" />
	<Project>
		<Option title="Ventana" />
		<Option pch_mode="2" />
		<Option compiler="gcc" />
		<Build>
			<Target title="Debug">
				<Option output="bin/Debug/Ventana" prefix_auto="1" extension_auto="1" />
				<Option object_output="obj/Debug/" />
				<Option type="1" />
				<Option compiler="gcc" />
				<Compiler>
					<Add option="-g" />
					<Add option="-DSFML_STATIC" />
				</Compiler>
				<Linker>
					<Add library="sfml-graphics-d" />
					<Add library="sfml-window-d" />
					<Add library="sfml-system-d" />
				</Linker>
			</Target>
			<Target title="Release">
				<Option output="bin/Release/Ventana" prefix_auto="1" extension_auto="1" />
				<Option object_output="obj/Release/" />
				<Option type="1" />
				<Option compiler="gcc" />
				<Compiler>
					<Add option="-O2" />
				</Compiler>
				<Linker>
					<Add option="-s" />
					<Add library="sfml-graphics" />
					<Add library="sfml-window" />
					<Add library="sfml-system" />
				</Linker>
			</Target>
		</Build>
		<Compiler>
			<Add option="-Wall" />
			<Add directory="D:/SFML-2.5.1-windows-gcc-7.3.0-mingw-64-bit/SFML-2.5.1/include" />
			<Add directory="D:/SFML-2.5.1-windows-gcc-7.3.0-mingw-64-bit/SFML-2.5.1/include/SFML/Graphics" />
			<Add directory="D:/SFML-2.5.1-windows-gcc-7.3.0-mingw-64-bit/SFML-2.5.1/include/SFML/Window" />
			<Add directory="D:/SFML-2.5.1-windows-gcc-7.3.0-mingw-64-bit/SFML-2.5.1/include/SFML/System" />
			<Add directory="D:/SFML-2.5.1-windows-gcc-7.3.0-mingw-64-bit/SFML-2.5.1/include/SFML/Audio" />
		</Compiler>
		<Linker>
			<Add directory="D:/SFML-2.5.1-windows-gcc-7.3.0-mingw-64-bit/SFML-2.5.1/lib" />
		</Linker>
		<Unit filename="Im.cpp" />
		<Unit filename="Im.hpp" />
		<Unit filename="Ventana.cpp" />
		<Unit filename="juego.cpp" />
		<Unit filename="juego.hpp" />
		<Unit filename="textura.cpp" />
		<Unit filename="texturas.hpp" />
		<Extensions>
			<code_completion />
			<envvars />
			<debugger />
		</Extensions>
	</Project>
</CodeBlocks_project_file>
